// !$*UTF8*$!
{
	archiveVersion = 1;
	classes = {
	};
	objectVersion = 50;
	objects = {

/* Begin PBXBuildFile section */
		120D9BF1A7BB49C487B2D690 /* Pods_TransactionsSample.framework in Frameworks */ = {isa = PBXBuildFile; fileRef = E28D9F69D9679228D36CE51B /* Pods_TransactionsSample.framework */; };
		13AC6FF582452C5B174C01CD /* Pods_TransactionsSampleUITests.framework in Frameworks */ = {isa = PBXBuildFile; fileRef = 5DA41D787028790C8FE7592D /* Pods_TransactionsSampleUITests.framework */; };
		B63A970C2132AEA300EF162F /* MapPreviewTableViewCell.swift in Sources */ = {isa = PBXBuildFile; fileRef = B63A970B2132AEA300EF162F /* MapPreviewTableViewCell.swift */; };
		B63A970E2133E09800EF162F /* Group.swift in Sources */ = {isa = PBXBuildFile; fileRef = B63A970D2133E09800EF162F /* Group.swift */; };
		B63A97102133EF5C00EF162F /* UIViewController.swift in Sources */ = {isa = PBXBuildFile; fileRef = B63A970F2133EF5C00EF162F /* UIViewController.swift */; };
		B63A97122134673F00EF162F /* SearchResultsTableViewController.swift in Sources */ = {isa = PBXBuildFile; fileRef = B63A97112134673F00EF162F /* SearchResultsTableViewController.swift */; };
		B63A97142134691400EF162F /* TransactionTableViewCell.xib in Resources */ = {isa = PBXBuildFile; fileRef = B63A97132134691400EF162F /* TransactionTableViewCell.xib */; };
		B68ABB14212C08D0001D9125 /* AppDelegate.swift in Sources */ = {isa = PBXBuildFile; fileRef = B68ABB13212C08D0001D9125 /* AppDelegate.swift */; };
		B68ABB16212C08D0001D9125 /* TransactionsListViewController.swift in Sources */ = {isa = PBXBuildFile; fileRef = B68ABB15212C08D0001D9125 /* TransactionsListViewController.swift */; };
		B68ABB19212C08D0001D9125 /* Main.storyboard in Resources */ = {isa = PBXBuildFile; fileRef = B68ABB17212C08D0001D9125 /* Main.storyboard */; };
		B68ABB1B212C08D1001D9125 /* Assets.xcassets in Resources */ = {isa = PBXBuildFile; fileRef = B68ABB1A212C08D1001D9125 /* Assets.xcassets */; };
		B68ABB1E212C08D1001D9125 /* LaunchScreen.storyboard in Resources */ = {isa = PBXBuildFile; fileRef = B68ABB1C212C08D1001D9125 /* LaunchScreen.storyboard */; };
		B68ABB29212C08D1001D9125 /* TransactionsSampleTests.swift in Sources */ = {isa = PBXBuildFile; fileRef = B68ABB28212C08D1001D9125 /* TransactionsSampleTests.swift */; };
		B68ABB34212C08D1001D9125 /* TransactionsSampleUITests.swift in Sources */ = {isa = PBXBuildFile; fileRef = B68ABB33212C08D1001D9125 /* TransactionsSampleUITests.swift */; };
		B68ABB43212C1984001D9125 /* LootAPI.swift in Sources */ = {isa = PBXBuildFile; fileRef = B68ABB42212C1984001D9125 /* LootAPI.swift */; };
		B68ABB47212C1CED001D9125 /* APIManager.swift in Sources */ = {isa = PBXBuildFile; fileRef = B68ABB46212C1CED001D9125 /* APIManager.swift */; };
		B68ABB4B212C1DB8001D9125 /* Logger.swift in Sources */ = {isa = PBXBuildFile; fileRef = B68ABB4A212C1DB8001D9125 /* Logger.swift */; };
		B68ABB4F212C2016001D9125 /* Transaction.swift in Sources */ = {isa = PBXBuildFile; fileRef = B68ABB4E212C2016001D9125 /* Transaction.swift */; };
		B68ABB56212D7909001D9125 /* TransactionsDataSource.swift in Sources */ = {isa = PBXBuildFile; fileRef = B68ABB55212D7909001D9125 /* TransactionsDataSource.swift */; };
		B68ABB5A212D79F6001D9125 /* TransactionTableViewCell.swift in Sources */ = {isa = PBXBuildFile; fileRef = B68ABB59212D79F6001D9125 /* TransactionTableViewCell.swift */; };
		B68ABB5E212D7AC3001D9125 /* UITableView.swift in Sources */ = {isa = PBXBuildFile; fileRef = B68ABB5D212D7AC3001D9125 /* UITableView.swift */; };
		B68ABB63212DAB17001D9125 /* UIView.swift in Sources */ = {isa = PBXBuildFile; fileRef = B68ABB62212DAB17001D9125 /* UIView.swift */; };
		B68ABB67212DB0F2001D9125 /* PaddingLabel.swift in Sources */ = {isa = PBXBuildFile; fileRef = B68ABB66212DB0F2001D9125 /* PaddingLabel.swift */; };
		B68ABB68212DB0F2001D9125 /* PaddingLabel.swift in Sources */ = {isa = PBXBuildFile; fileRef = B68ABB66212DB0F2001D9125 /* PaddingLabel.swift */; };
		B68ABB69212DB0F2001D9125 /* PaddingLabel.swift in Sources */ = {isa = PBXBuildFile; fileRef = B68ABB66212DB0F2001D9125 /* PaddingLabel.swift */; };
		B68ABB6C212E950B001D9125 /* TransactionsListHeaderView.swift in Sources */ = {isa = PBXBuildFile; fileRef = B68ABB6A212E950B001D9125 /* TransactionsListHeaderView.swift */; };
		B68ABB6F212E950B001D9125 /* TransactionsListHeaderView.xib in Resources */ = {isa = PBXBuildFile; fileRef = B68ABB6B212E950B001D9125 /* TransactionsListHeaderView.xib */; };
		B6E23215212EB74A00A74FF4 /* BalanceView.swift in Sources */ = {isa = PBXBuildFile; fileRef = B6E23214212EB74A00A74FF4 /* BalanceView.swift */; };
		B6E23219212EB94F00A74FF4 /* TransactionsViewController.swift in Sources */ = {isa = PBXBuildFile; fileRef = B6E23218212EB94F00A74FF4 /* TransactionsViewController.swift */; };
		B6E2321E212ED31800A74FF4 /* TransactionsDetailsDataSource.swift in Sources */ = {isa = PBXBuildFile; fileRef = B6E2321D212ED31800A74FF4 /* TransactionsDetailsDataSource.swift */; };
		B6E23222212ED58E00A74FF4 /* TransactionDetailHeaderTableViewCell.swift in Sources */ = {isa = PBXBuildFile; fileRef = B6E23221212ED58E00A74FF4 /* TransactionDetailHeaderTableViewCell.swift */; };
		B6E23226212ED61800A74FF4 /* UIStoryboard.swift in Sources */ = {isa = PBXBuildFile; fileRef = B6E23225212ED61800A74FF4 /* UIStoryboard.swift */; };
		F8FEC00BDDBF855824B87DB1 /* Pods_TransactionsSampleTests.framework in Frameworks */ = {isa = PBXBuildFile; fileRef = 3D69DA044F7D1971737F73F9 /* Pods_TransactionsSampleTests.framework */; };
/* End PBXBuildFile section */

/* Begin PBXContainerItemProxy section */
		B68ABB25212C08D1001D9125 /* PBXContainerItemProxy */ = {
			isa = PBXContainerItemProxy;
			containerPortal = B68ABB08212C08D0001D9125 /* Project object */;
			proxyType = 1;
			remoteGlobalIDString = B68ABB0F212C08D0001D9125;
			remoteInfo = LootInterview;
		};
		B68ABB30212C08D1001D9125 /* PBXContainerItemProxy */ = {
			isa = PBXContainerItemProxy;
			containerPortal = B68ABB08212C08D0001D9125 /* Project object */;
			proxyType = 1;
			remoteGlobalIDString = B68ABB0F212C08D0001D9125;
			remoteInfo = LootInterview;
		};
/* End PBXContainerItemProxy section */

/* Begin PBXFileReference section */
		0E35677802F08651BB6ABF12 /* Pods-TransactionsSample.debug.xcconfig */ = {isa = PBXFileReference; includeInIndex = 1; lastKnownFileType = text.xcconfig; name = "Pods-TransactionsSample.debug.xcconfig"; path = "Pods/Target Support Files/Pods-TransactionsSample/Pods-TransactionsSample.debug.xcconfig"; sourceTree = "<group>"; };
		14A7276D2195F8A3385B9623 /* Pods-TransactionsSample.release.xcconfig */ = {isa = PBXFileReference; includeInIndex = 1; lastKnownFileType = text.xcconfig; name = "Pods-TransactionsSample.release.xcconfig"; path = "Pods/Target Support Files/Pods-TransactionsSample/Pods-TransactionsSample.release.xcconfig"; sourceTree = "<group>"; };
		159959FEA940BC0DD9FCF4C6 /* Pods-TransactionsSampleTests.release.xcconfig */ = {isa = PBXFileReference; includeInIndex = 1; lastKnownFileType = text.xcconfig; name = "Pods-TransactionsSampleTests.release.xcconfig"; path = "Pods/Target Support Files/Pods-TransactionsSampleTests/Pods-TransactionsSampleTests.release.xcconfig"; sourceTree = "<group>"; };
		3D69DA044F7D1971737F73F9 /* Pods_TransactionsSampleTests.framework */ = {isa = PBXFileReference; explicitFileType = wrapper.framework; includeInIndex = 0; path = Pods_TransactionsSampleTests.framework; sourceTree = BUILT_PRODUCTS_DIR; };
		5DA41D787028790C8FE7592D /* Pods_TransactionsSampleUITests.framework */ = {isa = PBXFileReference; explicitFileType = wrapper.framework; includeInIndex = 0; path = Pods_TransactionsSampleUITests.framework; sourceTree = BUILT_PRODUCTS_DIR; };
		6B1E8B69132B88A945F31CCB /* Pods-TransactionsSampleUITests.debug.xcconfig */ = {isa = PBXFileReference; includeInIndex = 1; lastKnownFileType = text.xcconfig; name = "Pods-TransactionsSampleUITests.debug.xcconfig"; path = "Pods/Target Support Files/Pods-TransactionsSampleUITests/Pods-TransactionsSampleUITests.debug.xcconfig"; sourceTree = "<group>"; };
		B56E335DC988D97750419B87 /* Pods-TransactionsSampleTests.debug.xcconfig */ = {isa = PBXFileReference; includeInIndex = 1; lastKnownFileType = text.xcconfig; name = "Pods-TransactionsSampleTests.debug.xcconfig"; path = "Pods/Target Support Files/Pods-TransactionsSampleTests/Pods-TransactionsSampleTests.debug.xcconfig"; sourceTree = "<group>"; };
		B63A970B2132AEA300EF162F /* MapPreviewTableViewCell.swift */ = {isa = PBXFileReference; lastKnownFileType = sourcecode.swift; path = MapPreviewTableViewCell.swift; sourceTree = "<group>"; };
		B63A970D2133E09800EF162F /* Group.swift */ = {isa = PBXFileReference; lastKnownFileType = sourcecode.swift; path = Group.swift; sourceTree = "<group>"; };
		B63A970F2133EF5C00EF162F /* UIViewController.swift */ = {isa = PBXFileReference; lastKnownFileType = sourcecode.swift; path = UIViewController.swift; sourceTree = "<group>"; };
		B63A97112134673F00EF162F /* SearchResultsTableViewController.swift */ = {isa = PBXFileReference; lastKnownFileType = sourcecode.swift; path = SearchResultsTableViewController.swift; sourceTree = "<group>"; };
		B63A97132134691400EF162F /* TransactionTableViewCell.xib */ = {isa = PBXFileReference; lastKnownFileType = file.xib; path = TransactionTableViewCell.xib; sourceTree = "<group>"; };
		B68ABB10212C08D0001D9125 /* TransactionsSample.app */ = {isa = PBXFileReference; explicitFileType = wrapper.application; includeInIndex = 0; path = TransactionsSample.app; sourceTree = BUILT_PRODUCTS_DIR; };
		B68ABB13212C08D0001D9125 /* AppDelegate.swift */ = {isa = PBXFileReference; lastKnownFileType = sourcecode.swift; path = AppDelegate.swift; sourceTree = "<group>"; };
		B68ABB15212C08D0001D9125 /* TransactionsListViewController.swift */ = {isa = PBXFileReference; lastKnownFileType = sourcecode.swift; path = TransactionsListViewController.swift; sourceTree = "<group>"; };
		B68ABB18212C08D0001D9125 /* Base */ = {isa = PBXFileReference; lastKnownFileType = file.storyboard; name = Base; path = Base.lproj/Main.storyboard; sourceTree = "<group>"; };
		B68ABB1A212C08D1001D9125 /* Assets.xcassets */ = {isa = PBXFileReference; lastKnownFileType = folder.assetcatalog; path = Assets.xcassets; sourceTree = "<group>"; };
		B68ABB1D212C08D1001D9125 /* Base */ = {isa = PBXFileReference; lastKnownFileType = file.storyboard; name = Base; path = Base.lproj/LaunchScreen.storyboard; sourceTree = "<group>"; };
		B68ABB1F212C08D1001D9125 /* Info.plist */ = {isa = PBXFileReference; lastKnownFileType = text.plist.xml; path = Info.plist; sourceTree = "<group>"; };
		B68ABB24212C08D1001D9125 /* TransactionsSampleTests.xctest */ = {isa = PBXFileReference; explicitFileType = wrapper.cfbundle; includeInIndex = 0; path = TransactionsSampleTests.xctest; sourceTree = BUILT_PRODUCTS_DIR; };
		B68ABB28212C08D1001D9125 /* TransactionsSampleTests.swift */ = {isa = PBXFileReference; lastKnownFileType = sourcecode.swift; path = TransactionsSampleTests.swift; sourceTree = "<group>"; };
		B68ABB2A212C08D1001D9125 /* Info.plist */ = {isa = PBXFileReference; lastKnownFileType = text.plist.xml; path = Info.plist; sourceTree = "<group>"; };
		B68ABB2F212C08D1001D9125 /* TransactionsSampleUITests.xctest */ = {isa = PBXFileReference; explicitFileType = wrapper.cfbundle; includeInIndex = 0; path = TransactionsSampleUITests.xctest; sourceTree = BUILT_PRODUCTS_DIR; };
		B68ABB33212C08D1001D9125 /* TransactionsSampleUITests.swift */ = {isa = PBXFileReference; lastKnownFileType = sourcecode.swift; path = TransactionsSampleUITests.swift; sourceTree = "<group>"; };
		B68ABB35212C08D1001D9125 /* Info.plist */ = {isa = PBXFileReference; lastKnownFileType = text.plist.xml; path = Info.plist; sourceTree = "<group>"; };
		B68ABB42212C1984001D9125 /* LootAPI.swift */ = {isa = PBXFileReference; lastKnownFileType = sourcecode.swift; path = LootAPI.swift; sourceTree = "<group>"; };
		B68ABB46212C1CED001D9125 /* APIManager.swift */ = {isa = PBXFileReference; lastKnownFileType = sourcecode.swift; path = APIManager.swift; sourceTree = "<group>"; };
		B68ABB4A212C1DB8001D9125 /* Logger.swift */ = {isa = PBXFileReference; fileEncoding = 4; lastKnownFileType = sourcecode.swift; path = Logger.swift; sourceTree = "<group>"; };
		B68ABB4E212C2016001D9125 /* Transaction.swift */ = {isa = PBXFileReference; lastKnownFileType = sourcecode.swift; path = Transaction.swift; sourceTree = "<group>"; };
		B68ABB55212D7909001D9125 /* TransactionsDataSource.swift */ = {isa = PBXFileReference; lastKnownFileType = sourcecode.swift; path = TransactionsDataSource.swift; sourceTree = "<group>"; };
		B68ABB59212D79F6001D9125 /* TransactionTableViewCell.swift */ = {isa = PBXFileReference; lastKnownFileType = sourcecode.swift; path = TransactionTableViewCell.swift; sourceTree = "<group>"; };
		B68ABB5D212D7AC3001D9125 /* UITableView.swift */ = {isa = PBXFileReference; lastKnownFileType = sourcecode.swift; path = UITableView.swift; sourceTree = "<group>"; };
		B68ABB62212DAB17001D9125 /* UIView.swift */ = {isa = PBXFileReference; lastKnownFileType = sourcecode.swift; path = UIView.swift; sourceTree = "<group>"; };
		B68ABB66212DB0F2001D9125 /* PaddingLabel.swift */ = {isa = PBXFileReference; lastKnownFileType = sourcecode.swift; path = PaddingLabel.swift; sourceTree = "<group>"; };
		B68ABB6A212E950B001D9125 /* TransactionsListHeaderView.swift */ = {isa = PBXFileReference; lastKnownFileType = sourcecode.swift; path = TransactionsListHeaderView.swift; sourceTree = "<group>"; };
		B68ABB6B212E950B001D9125 /* TransactionsListHeaderView.xib */ = {isa = PBXFileReference; lastKnownFileType = file.xib; path = TransactionsListHeaderView.xib; sourceTree = "<group>"; };
		B6E23214212EB74A00A74FF4 /* BalanceView.swift */ = {isa = PBXFileReference; lastKnownFileType = sourcecode.swift; path = BalanceView.swift; sourceTree = "<group>"; };
		B6E23218212EB94F00A74FF4 /* TransactionsViewController.swift */ = {isa = PBXFileReference; lastKnownFileType = sourcecode.swift; path = TransactionsViewController.swift; sourceTree = "<group>"; };
		B6E2321D212ED31800A74FF4 /* TransactionsDetailsDataSource.swift */ = {isa = PBXFileReference; lastKnownFileType = sourcecode.swift; path = TransactionsDetailsDataSource.swift; sourceTree = "<group>"; };
		B6E23221212ED58E00A74FF4 /* TransactionDetailHeaderTableViewCell.swift */ = {isa = PBXFileReference; lastKnownFileType = sourcecode.swift; path = TransactionDetailHeaderTableViewCell.swift; sourceTree = "<group>"; };
		B6E23225212ED61800A74FF4 /* UIStoryboard.swift */ = {isa = PBXFileReference; lastKnownFileType = sourcecode.swift; path = UIStoryboard.swift; sourceTree = "<group>"; };
		D879F2A2A100B13F3863BCEB /* Pods-TransactionsSampleUITests.release.xcconfig */ = {isa = PBXFileReference; includeInIndex = 1; lastKnownFileType = text.xcconfig; name = "Pods-TransactionsSampleUITests.release.xcconfig"; path = "Pods/Target Support Files/Pods-TransactionsSampleUITests/Pods-TransactionsSampleUITests.release.xcconfig"; sourceTree = "<group>"; };
		E28D9F69D9679228D36CE51B /* Pods_TransactionsSample.framework */ = {isa = PBXFileReference; explicitFileType = wrapper.framework; includeInIndex = 0; path = Pods_TransactionsSample.framework; sourceTree = BUILT_PRODUCTS_DIR; };
/* End PBXFileReference section */

/* Begin PBXFrameworksBuildPhase section */
		B68ABB0D212C08D0001D9125 /* Frameworks */ = {
			isa = PBXFrameworksBuildPhase;
			buildActionMask = 2147483647;
			files = (
				120D9BF1A7BB49C487B2D690 /* Pods_TransactionsSample.framework in Frameworks */,
			);
			runOnlyForDeploymentPostprocessing = 0;
		};
		B68ABB21212C08D1001D9125 /* Frameworks */ = {
			isa = PBXFrameworksBuildPhase;
			buildActionMask = 2147483647;
			files = (
				F8FEC00BDDBF855824B87DB1 /* Pods_TransactionsSampleTests.framework in Frameworks */,
			);
			runOnlyForDeploymentPostprocessing = 0;
		};
		B68ABB2C212C08D1001D9125 /* Frameworks */ = {
			isa = PBXFrameworksBuildPhase;
			buildActionMask = 2147483647;
			files = (
				13AC6FF582452C5B174C01CD /* Pods_TransactionsSampleUITests.framework in Frameworks */,
			);
			runOnlyForDeploymentPostprocessing = 0;
		};
/* End PBXFrameworksBuildPhase section */

/* Begin PBXGroup section */
		37CC7550CFE09B4B5CDEDE35 /* Pods */ = {
			isa = PBXGroup;
			children = (
				0E35677802F08651BB6ABF12 /* Pods-TransactionsSample.debug.xcconfig */,
				14A7276D2195F8A3385B9623 /* Pods-TransactionsSample.release.xcconfig */,
				B56E335DC988D97750419B87 /* Pods-TransactionsSampleTests.debug.xcconfig */,
				159959FEA940BC0DD9FCF4C6 /* Pods-TransactionsSampleTests.release.xcconfig */,
				6B1E8B69132B88A945F31CCB /* Pods-TransactionsSampleUITests.debug.xcconfig */,
				D879F2A2A100B13F3863BCEB /* Pods-TransactionsSampleUITests.release.xcconfig */,
			);
			name = Pods;
			sourceTree = "<group>";
		};
		70EAA20257E1BDAED989A952 /* Frameworks */ = {
			isa = PBXGroup;
			children = (
				B68ABB66212DB0F2001D9125 /* PaddingLabel.swift */,
				E28D9F69D9679228D36CE51B /* Pods_TransactionsSample.framework */,
				3D69DA044F7D1971737F73F9 /* Pods_TransactionsSampleTests.framework */,
				5DA41D787028790C8FE7592D /* Pods_TransactionsSampleUITests.framework */,
			);
			name = Frameworks;
			sourceTree = "<group>";
		};
		B63A97152134726900EF162F /* Search */ = {
			isa = PBXGroup;
			children = (
				B63A97112134673F00EF162F /* SearchResultsTableViewController.swift */,
			);
			path = Search;
			sourceTree = "<group>";
		};
		B63A97162134727200EF162F /* Cells */ = {
			isa = PBXGroup;
			children = (
				B68ABB59212D79F6001D9125 /* TransactionTableViewCell.swift */,
				B63A97132134691400EF162F /* TransactionTableViewCell.xib */,
				B68ABB6A212E950B001D9125 /* TransactionsListHeaderView.swift */,
				B68ABB6B212E950B001D9125 /* TransactionsListHeaderView.xib */,
			);
			path = Cells;
			sourceTree = "<group>";
		};
		B63A9717213472B300EF162F /* Cells */ = {
			isa = PBXGroup;
			children = (
				B6E23221212ED58E00A74FF4 /* TransactionDetailHeaderTableViewCell.swift */,
				B63A970B2132AEA300EF162F /* MapPreviewTableViewCell.swift */,
			);
			path = Cells;
			sourceTree = "<group>";
		};
		B68ABB07212C08D0001D9125 = {
			isa = PBXGroup;
			children = (
				B68ABB12212C08D0001D9125 /* TransactionsSample */,
				B68ABB27212C08D1001D9125 /* TransactionsSampleTests */,
				B68ABB32212C08D1001D9125 /* TransactionsSampleUITests */,
				B68ABB11212C08D0001D9125 /* Products */,
				37CC7550CFE09B4B5CDEDE35 /* Pods */,
				70EAA20257E1BDAED989A952 /* Frameworks */,
			);
			sourceTree = "<group>";
		};
		B68ABB11212C08D0001D9125 /* Products */ = {
			isa = PBXGroup;
			children = (
				B68ABB10212C08D0001D9125 /* TransactionsSample.app */,
				B68ABB24212C08D1001D9125 /* TransactionsSampleTests.xctest */,
				B68ABB2F212C08D1001D9125 /* TransactionsSampleUITests.xctest */,
			);
			name = Products;
			sourceTree = "<group>";
		};
		B68ABB12212C08D0001D9125 /* TransactionsSample */ = {
			isa = PBXGroup;
			children = (
				B68ABB13212C08D0001D9125 /* AppDelegate.swift */,
				B68ABB4A212C1DB8001D9125 /* Logger.swift */,
				B68ABB61212D7C4D001D9125 /* Extensions */,
				B68ABB52212C225F001D9125 /* Model */,
				B68ABB41212C1962001D9125 /* Networking */,
				B68ABB53212D5D18001D9125 /* Storyboards */,
				B68ABB54212D5D21001D9125 /* View Controllers */,
				B68ABB1A212C08D1001D9125 /* Assets.xcassets */,
				B68ABB1F212C08D1001D9125 /* Info.plist */,
			);
			path = TransactionsSample;
			sourceTree = "<group>";
		};
		B68ABB27212C08D1001D9125 /* TransactionsSampleTests */ = {
			isa = PBXGroup;
			children = (
				B68ABB28212C08D1001D9125 /* TransactionsSampleTests.swift */,
				B68ABB2A212C08D1001D9125 /* Info.plist */,
			);
			path = TransactionsSampleTests;
			sourceTree = "<group>";
		};
		B68ABB32212C08D1001D9125 /* TransactionsSampleUITests */ = {
			isa = PBXGroup;
			children = (
				B68ABB33212C08D1001D9125 /* TransactionsSampleUITests.swift */,
				B68ABB35212C08D1001D9125 /* Info.plist */,
			);
			path = TransactionsSampleUITests;
			sourceTree = "<group>";
		};
		B68ABB41212C1962001D9125 /* Networking */ = {
			isa = PBXGroup;
			children = (
				B68ABB42212C1984001D9125 /* LootAPI.swift */,
				B68ABB46212C1CED001D9125 /* APIManager.swift */,
			);
			path = Networking;
			sourceTree = "<group>";
		};
		B68ABB52212C225F001D9125 /* Model */ = {
			isa = PBXGroup;
			children = (
				B63A970D2133E09800EF162F /* Group.swift */,
				B68ABB4E212C2016001D9125 /* Transaction.swift */,
			);
			path = Model;
			sourceTree = "<group>";
		};
		B68ABB53212D5D18001D9125 /* Storyboards */ = {
			isa = PBXGroup;
			children = (
				B68ABB17212C08D0001D9125 /* Main.storyboard */,
				B68ABB1C212C08D1001D9125 /* LaunchScreen.storyboard */,
			);
			path = Storyboards;
			sourceTree = "<group>";
		};
		B68ABB54212D5D21001D9125 /* View Controllers */ = {
			isa = PBXGroup;
			children = (
				B6E2321C212EB95600A74FF4 /* Transaction Details */,
				B68ABB72212E9515001D9125 /* Transactions List */,
			);
			path = "View Controllers";
			sourceTree = "<group>";
		};
		B68ABB61212D7C4D001D9125 /* Extensions */ = {
			isa = PBXGroup;
			children = (
				B68ABB5D212D7AC3001D9125 /* UITableView.swift */,
				B68ABB62212DAB17001D9125 /* UIView.swift */,
				B6E23225212ED61800A74FF4 /* UIStoryboard.swift */,
				B63A970F2133EF5C00EF162F /* UIViewController.swift */,
			);
			path = Extensions;
			sourceTree = "<group>";
		};
		B68ABB72212E9515001D9125 /* Transactions List */ = {
			isa = PBXGroup;
			children = (
				B63A97152134726900EF162F /* Search */,
				B63A97162134727200EF162F /* Cells */,
				B68ABB15212C08D0001D9125 /* TransactionsListViewController.swift */,
				B68ABB55212D7909001D9125 /* TransactionsDataSource.swift */,
				B6E23214212EB74A00A74FF4 /* BalanceView.swift */,
			);
			path = "Transactions List";
			sourceTree = "<group>";
		};
		B6E2321C212EB95600A74FF4 /* Transaction Details */ = {
			isa = PBXGroup;
			children = (
				B63A9717213472B300EF162F /* Cells */,
				B6E23218212EB94F00A74FF4 /* TransactionsViewController.swift */,
				B6E2321D212ED31800A74FF4 /* TransactionsDetailsDataSource.swift */,
			);
			path = "Transaction Details";
			sourceTree = "<group>";
		};
/* End PBXGroup section */

/* Begin PBXNativeTarget section */
		B68ABB0F212C08D0001D9125 /* TransactionsSample */ = {
			isa = PBXNativeTarget;
			buildConfigurationList = B68ABB38212C08D1001D9125 /* Build configuration list for PBXNativeTarget "TransactionsSample" */;
			buildPhases = (
				03170BFE1991BA87EC9ACC8F /* [CP] Check Pods Manifest.lock */,
				B68ABB0C212C08D0001D9125 /* Sources */,
				B68ABB0D212C08D0001D9125 /* Frameworks */,
				B68ABB0E212C08D0001D9125 /* Resources */,
				FA798486BEC369D33D7ECC14 /* [CP] Embed Pods Frameworks */,
			);
			buildRules = (
			);
			dependencies = (
			);
			name = TransactionsSample;
			productName = LootInterview;
			productReference = B68ABB10212C08D0001D9125 /* TransactionsSample.app */;
			productType = "com.apple.product-type.application";
		};
		B68ABB23212C08D1001D9125 /* TransactionsSampleTests */ = {
			isa = PBXNativeTarget;
			buildConfigurationList = B68ABB3B212C08D1001D9125 /* Build configuration list for PBXNativeTarget "TransactionsSampleTests" */;
			buildPhases = (
				E30BD2613FD10883301FB719 /* [CP] Check Pods Manifest.lock */,
				B68ABB20212C08D1001D9125 /* Sources */,
				B68ABB21212C08D1001D9125 /* Frameworks */,
				B68ABB22212C08D1001D9125 /* Resources */,
			);
			buildRules = (
			);
			dependencies = (
				B68ABB26212C08D1001D9125 /* PBXTargetDependency */,
			);
			name = TransactionsSampleTests;
			productName = LootInterviewTests;
			productReference = B68ABB24212C08D1001D9125 /* TransactionsSampleTests.xctest */;
			productType = "com.apple.product-type.bundle.unit-test";
		};
		B68ABB2E212C08D1001D9125 /* TransactionsSampleUITests */ = {
			isa = PBXNativeTarget;
			buildConfigurationList = B68ABB3E212C08D1001D9125 /* Build configuration list for PBXNativeTarget "TransactionsSampleUITests" */;
			buildPhases = (
				E68C40500CEA6B813A8DA968 /* [CP] Check Pods Manifest.lock */,
				B68ABB2B212C08D1001D9125 /* Sources */,
				B68ABB2C212C08D1001D9125 /* Frameworks */,
				B68ABB2D212C08D1001D9125 /* Resources */,
			);
			buildRules = (
			);
			dependencies = (
				B68ABB31212C08D1001D9125 /* PBXTargetDependency */,
			);
			name = TransactionsSampleUITests;
			productName = LootInterviewUITests;
			productReference = B68ABB2F212C08D1001D9125 /* TransactionsSampleUITests.xctest */;
			productType = "com.apple.product-type.bundle.ui-testing";
		};
/* End PBXNativeTarget section */

/* Begin PBXProject section */
		B68ABB08212C08D0001D9125 /* Project object */ = {
			isa = PBXProject;
			attributes = {
				LastSwiftUpdateCheck = 0940;
				LastUpgradeCheck = 0940;
				ORGANIZATIONNAME = "Thomas Angistalis";
				TargetAttributes = {
					B68ABB0F212C08D0001D9125 = {
						CreatedOnToolsVersion = 9.4;
					};
					B68ABB23212C08D1001D9125 = {
						CreatedOnToolsVersion = 9.4;
						TestTargetID = B68ABB0F212C08D0001D9125;
					};
					B68ABB2E212C08D1001D9125 = {
						CreatedOnToolsVersion = 9.4;
						TestTargetID = B68ABB0F212C08D0001D9125;
					};
				};
			};
			buildConfigurationList = B68ABB0B212C08D0001D9125 /* Build configuration list for PBXProject "TransactionsSample" */;
			compatibilityVersion = "Xcode 9.3";
			developmentRegion = en;
			hasScannedForEncodings = 0;
			knownRegions = (
				en,
				Base,
			);
			mainGroup = B68ABB07212C08D0001D9125;
			productRefGroup = B68ABB11212C08D0001D9125 /* Products */;
			projectDirPath = "";
			projectRoot = "";
			targets = (
				B68ABB0F212C08D0001D9125 /* TransactionsSample */,
				B68ABB23212C08D1001D9125 /* TransactionsSampleTests */,
				B68ABB2E212C08D1001D9125 /* TransactionsSampleUITests */,
			);
		};
/* End PBXProject section */

/* Begin PBXResourcesBuildPhase section */
		B68ABB0E212C08D0001D9125 /* Resources */ = {
			isa = PBXResourcesBuildPhase;
			buildActionMask = 2147483647;
			files = (
				B63A97142134691400EF162F /* TransactionTableViewCell.xib in Resources */,
				B68ABB6F212E950B001D9125 /* TransactionsListHeaderView.xib in Resources */,
				B68ABB1E212C08D1001D9125 /* LaunchScreen.storyboard in Resources */,
				B68ABB1B212C08D1001D9125 /* Assets.xcassets in Resources */,
				B68ABB19212C08D0001D9125 /* Main.storyboard in Resources */,
			);
			runOnlyForDeploymentPostprocessing = 0;
		};
		B68ABB22212C08D1001D9125 /* Resources */ = {
			isa = PBXResourcesBuildPhase;
			buildActionMask = 2147483647;
			files = (
			);
			runOnlyForDeploymentPostprocessing = 0;
		};
		B68ABB2D212C08D1001D9125 /* Resources */ = {
			isa = PBXResourcesBuildPhase;
			buildActionMask = 2147483647;
			files = (
			);
			runOnlyForDeploymentPostprocessing = 0;
		};
/* End PBXResourcesBuildPhase section */

/* Begin PBXShellScriptBuildPhase section */
		03170BFE1991BA87EC9ACC8F /* [CP] Check Pods Manifest.lock */ = {
			isa = PBXShellScriptBuildPhase;
			buildActionMask = 2147483647;
			files = (
			);
			inputPaths = (
				"${PODS_PODFILE_DIR_PATH}/Podfile.lock",
				"${PODS_ROOT}/Manifest.lock",
			);
			name = "[CP] Check Pods Manifest.lock";
			outputPaths = (
				"$(DERIVED_FILE_DIR)/Pods-TransactionsSample-checkManifestLockResult.txt",
			);
			runOnlyForDeploymentPostprocessing = 0;
			shellPath = /bin/sh;
			shellScript = "diff \"${PODS_PODFILE_DIR_PATH}/Podfile.lock\" \"${PODS_ROOT}/Manifest.lock\" > /dev/null\nif [ $? != 0 ] ; then\n    # print error to STDERR\n    echo \"error: The sandbox is not in sync with the Podfile.lock. Run 'pod install' or update your CocoaPods installation.\" >&2\n    exit 1\nfi\n# This output is used by Xcode 'outputs' to avoid re-running this script phase.\necho \"SUCCESS\" > \"${SCRIPT_OUTPUT_FILE_0}\"\n";
			showEnvVarsInLog = 0;
		};
		E30BD2613FD10883301FB719 /* [CP] Check Pods Manifest.lock */ = {
			isa = PBXShellScriptBuildPhase;
			buildActionMask = 2147483647;
			files = (
			);
			inputPaths = (
				"${PODS_PODFILE_DIR_PATH}/Podfile.lock",
				"${PODS_ROOT}/Manifest.lock",
			);
			name = "[CP] Check Pods Manifest.lock";
			outputPaths = (
				"$(DERIVED_FILE_DIR)/Pods-TransactionsSampleTests-checkManifestLockResult.txt",
			);
			runOnlyForDeploymentPostprocessing = 0;
			shellPath = /bin/sh;
			shellScript = "diff \"${PODS_PODFILE_DIR_PATH}/Podfile.lock\" \"${PODS_ROOT}/Manifest.lock\" > /dev/null\nif [ $? != 0 ] ; then\n    # print error to STDERR\n    echo \"error: The sandbox is not in sync with the Podfile.lock. Run 'pod install' or update your CocoaPods installation.\" >&2\n    exit 1\nfi\n# This output is used by Xcode 'outputs' to avoid re-running this script phase.\necho \"SUCCESS\" > \"${SCRIPT_OUTPUT_FILE_0}\"\n";
			showEnvVarsInLog = 0;
		};
		E68C40500CEA6B813A8DA968 /* [CP] Check Pods Manifest.lock */ = {
			isa = PBXShellScriptBuildPhase;
			buildActionMask = 2147483647;
			files = (
			);
			inputPaths = (
				"${PODS_PODFILE_DIR_PATH}/Podfile.lock",
				"${PODS_ROOT}/Manifest.lock",
			);
			name = "[CP] Check Pods Manifest.lock";
			outputPaths = (
				"$(DERIVED_FILE_DIR)/Pods-TransactionsSampleUITests-checkManifestLockResult.txt",
			);
			runOnlyForDeploymentPostprocessing = 0;
			shellPath = /bin/sh;
			shellScript = "diff \"${PODS_PODFILE_DIR_PATH}/Podfile.lock\" \"${PODS_ROOT}/Manifest.lock\" > /dev/null\nif [ $? != 0 ] ; then\n    # print error to STDERR\n    echo \"error: The sandbox is not in sync with the Podfile.lock. Run 'pod install' or update your CocoaPods installation.\" >&2\n    exit 1\nfi\n# This output is used by Xcode 'outputs' to avoid re-running this script phase.\necho \"SUCCESS\" > \"${SCRIPT_OUTPUT_FILE_0}\"\n";
			showEnvVarsInLog = 0;
		};
		FA798486BEC369D33D7ECC14 /* [CP] Embed Pods Frameworks */ = {
			isa = PBXShellScriptBuildPhase;
			buildActionMask = 2147483647;
			files = (
			);
			inputPaths = (
				"${SRCROOT}/Pods/Target Support Files/Pods-TransactionsSample/Pods-TransactionsSample-frameworks.sh",
				"${BUILT_PRODUCTS_DIR}/Alamofire/Alamofire.framework",
				"${BUILT_PRODUCTS_DIR}/ChameleonFramework/ChameleonFramework.framework",
				"${BUILT_PRODUCTS_DIR}/DZNEmptyDataSet/DZNEmptyDataSet.framework",
				"${BUILT_PRODUCTS_DIR}/Moya/Moya.framework",
				"${BUILT_PRODUCTS_DIR}/Realm/Realm.framework",
				"${BUILT_PRODUCTS_DIR}/RealmSwift/RealmSwift.framework",
				"${BUILT_PRODUCTS_DIR}/Result/Result.framework",
				"${BUILT_PRODUCTS_DIR}/ScrollableGraphView/ScrollableGraphView.framework",
				"${BUILT_PRODUCTS_DIR}/SwiftDate/SwiftDate.framework",
			);
			name = "[CP] Embed Pods Frameworks";
			outputPaths = (
				"${TARGET_BUILD_DIR}/${FRAMEWORKS_FOLDER_PATH}/Alamofire.framework",
				"${TARGET_BUILD_DIR}/${FRAMEWORKS_FOLDER_PATH}/ChameleonFramework.framework",
				"${TARGET_BUILD_DIR}/${FRAMEWORKS_FOLDER_PATH}/DZNEmptyDataSet.framework",
				"${TARGET_BUILD_DIR}/${FRAMEWORKS_FOLDER_PATH}/Moya.framework",
				"${TARGET_BUILD_DIR}/${FRAMEWORKS_FOLDER_PATH}/Realm.framework",
				"${TARGET_BUILD_DIR}/${FRAMEWORKS_FOLDER_PATH}/RealmSwift.framework",
				"${TARGET_BUILD_DIR}/${FRAMEWORKS_FOLDER_PATH}/Result.framework",
				"${TARGET_BUILD_DIR}/${FRAMEWORKS_FOLDER_PATH}/ScrollableGraphView.framework",
				"${TARGET_BUILD_DIR}/${FRAMEWORKS_FOLDER_PATH}/SwiftDate.framework",
			);
			runOnlyForDeploymentPostprocessing = 0;
			shellPath = /bin/sh;
			shellScript = "\"${SRCROOT}/Pods/Target Support Files/Pods-TransactionsSample/Pods-TransactionsSample-frameworks.sh\"\n";
			showEnvVarsInLog = 0;
		};
/* End PBXShellScriptBuildPhase section */

/* Begin PBXSourcesBuildPhase section */
		B68ABB0C212C08D0001D9125 /* Sources */ = {
			isa = PBXSourcesBuildPhase;
			buildActionMask = 2147483647;
			files = (
				B6E23219212EB94F00A74FF4 /* TransactionsViewController.swift in Sources */,
				B68ABB6C212E950B001D9125 /* TransactionsListHeaderView.swift in Sources */,
				B68ABB63212DAB17001D9125 /* UIView.swift in Sources */,
				B68ABB5E212D7AC3001D9125 /* UITableView.swift in Sources */,
				B68ABB4B212C1DB8001D9125 /* Logger.swift in Sources */,
				B63A97122134673F00EF162F /* SearchResultsTableViewController.swift in Sources */,
				B68ABB47212C1CED001D9125 /* APIManager.swift in Sources */,
				B63A970E2133E09800EF162F /* Group.swift in Sources */,
				B6E2321E212ED31800A74FF4 /* TransactionsDetailsDataSource.swift in Sources */,
				B68ABB5A212D79F6001D9125 /* TransactionTableViewCell.swift in Sources */,
				B68ABB56212D7909001D9125 /* TransactionsDataSource.swift in Sources */,
				B68ABB4F212C2016001D9125 /* Transaction.swift in Sources */,
				B6E23222212ED58E00A74FF4 /* TransactionDetailHeaderTableViewCell.swift in Sources */,
				B68ABB16212C08D0001D9125 /* TransactionsListViewController.swift in Sources */,
				B6E23226212ED61800A74FF4 /* UIStoryboard.swift in Sources */,
				B63A97102133EF5C00EF162F /* UIViewController.swift in Sources */,
				B68ABB14212C08D0001D9125 /* AppDelegate.swift in Sources */,
				B68ABB43212C1984001D9125 /* LootAPI.swift in Sources */,
				B68ABB67212DB0F2001D9125 /* PaddingLabel.swift in Sources */,
				B6E23215212EB74A00A74FF4 /* BalanceView.swift in Sources */,
				B63A970C2132AEA300EF162F /* MapPreviewTableViewCell.swift in Sources */,
			);
			runOnlyForDeploymentPostprocessing = 0;
		};
		B68ABB20212C08D1001D9125 /* Sources */ = {
			isa = PBXSourcesBuildPhase;
			buildActionMask = 2147483647;
			files = (
				B68ABB29212C08D1001D9125 /* TransactionsSampleTests.swift in Sources */,
				B68ABB68212DB0F2001D9125 /* PaddingLabel.swift in Sources */,
			);
			runOnlyForDeploymentPostprocessing = 0;
		};
		B68ABB2B212C08D1001D9125 /* Sources */ = {
			isa = PBXSourcesBuildPhase;
			buildActionMask = 2147483647;
			files = (
				B68ABB34212C08D1001D9125 /* TransactionsSampleUITests.swift in Sources */,
				B68ABB69212DB0F2001D9125 /* PaddingLabel.swift in Sources */,
			);
			runOnlyForDeploymentPostprocessing = 0;
		};
/* End PBXSourcesBuildPhase section */

/* Begin PBXTargetDependency section */
		B68ABB26212C08D1001D9125 /* PBXTargetDependency */ = {
			isa = PBXTargetDependency;
			target = B68ABB0F212C08D0001D9125 /* TransactionsSample */;
			targetProxy = B68ABB25212C08D1001D9125 /* PBXContainerItemProxy */;
		};
		B68ABB31212C08D1001D9125 /* PBXTargetDependency */ = {
			isa = PBXTargetDependency;
			target = B68ABB0F212C08D0001D9125 /* TransactionsSample */;
			targetProxy = B68ABB30212C08D1001D9125 /* PBXContainerItemProxy */;
		};
/* End PBXTargetDependency section */

/* Begin PBXVariantGroup section */
		B68ABB17212C08D0001D9125 /* Main.storyboard */ = {
			isa = PBXVariantGroup;
			children = (
				B68ABB18212C08D0001D9125 /* Base */,
			);
			name = Main.storyboard;
			sourceTree = "<group>";
		};
		B68ABB1C212C08D1001D9125 /* LaunchScreen.storyboard */ = {
			isa = PBXVariantGroup;
			children = (
				B68ABB1D212C08D1001D9125 /* Base */,
			);
			name = LaunchScreen.storyboard;
			sourceTree = "<group>";
		};
/* End PBXVariantGroup section */

/* Begin XCBuildConfiguration section */
		B68ABB36212C08D1001D9125 /* Debug */ = {
			isa = XCBuildConfiguration;
			buildSettings = {
				ALWAYS_SEARCH_USER_PATHS = NO;
				CLANG_ANALYZER_NONNULL = YES;
				CLANG_ANALYZER_NUMBER_OBJECT_CONVERSION = YES_AGGRESSIVE;
				CLANG_CXX_LANGUAGE_STANDARD = "gnu++14";
				CLANG_CXX_LIBRARY = "libc++";
				CLANG_ENABLE_MODULES = YES;
				CLANG_ENABLE_OBJC_ARC = YES;
				CLANG_ENABLE_OBJC_WEAK = YES;
				CLANG_WARN_BLOCK_CAPTURE_AUTORELEASING = YES;
				CLANG_WARN_BOOL_CONVERSION = YES;
				CLANG_WARN_COMMA = YES;
				CLANG_WARN_CONSTANT_CONVERSION = YES;
				CLANG_WARN_DEPRECATED_OBJC_IMPLEMENTATIONS = YES;
				CLANG_WARN_DIRECT_OBJC_ISA_USAGE = YES_ERROR;
				CLANG_WARN_DOCUMENTATION_COMMENTS = YES;
				CLANG_WARN_EMPTY_BODY = YES;
				CLANG_WARN_ENUM_CONVERSION = YES;
				CLANG_WARN_INFINITE_RECURSION = YES;
				CLANG_WARN_INT_CONVERSION = YES;
				CLANG_WARN_NON_LITERAL_NULL_CONVERSION = YES;
				CLANG_WARN_OBJC_IMPLICIT_RETAIN_SELF = YES;
				CLANG_WARN_OBJC_LITERAL_CONVERSION = YES;
				CLANG_WARN_OBJC_ROOT_CLASS = YES_ERROR;
				CLANG_WARN_RANGE_LOOP_ANALYSIS = YES;
				CLANG_WARN_STRICT_PROTOTYPES = YES;
				CLANG_WARN_SUSPICIOUS_MOVE = YES;
				CLANG_WARN_UNGUARDED_AVAILABILITY = YES_AGGRESSIVE;
				CLANG_WARN_UNREACHABLE_CODE = YES;
				CLANG_WARN__DUPLICATE_METHOD_MATCH = YES;
				CODE_SIGN_IDENTITY = "iPhone Developer";
				COPY_PHASE_STRIP = NO;
				DEBUG_INFORMATION_FORMAT = dwarf;
				ENABLE_STRICT_OBJC_MSGSEND = YES;
				ENABLE_TESTABILITY = YES;
				GCC_C_LANGUAGE_STANDARD = gnu11;
				GCC_DYNAMIC_NO_PIC = NO;
				GCC_NO_COMMON_BLOCKS = YES;
				GCC_OPTIMIZATION_LEVEL = 0;
				GCC_PREPROCESSOR_DEFINITIONS = (
					"DEBUG=1",
					"$(inherited)",
				);
				GCC_WARN_64_TO_32_BIT_CONVERSION = YES;
				GCC_WARN_ABOUT_RETURN_TYPE = YES_ERROR;
				GCC_WARN_UNDECLARED_SELECTOR = YES;
				GCC_WARN_UNINITIALIZED_AUTOS = YES_AGGRESSIVE;
				GCC_WARN_UNUSED_FUNCTION = YES;
				GCC_WARN_UNUSED_VARIABLE = YES;
				IPHONEOS_DEPLOYMENT_TARGET = 11.4;
				MTL_ENABLE_DEBUG_INFO = YES;
				ONLY_ACTIVE_ARCH = YES;
				SDKROOT = iphoneos;
				SWIFT_ACTIVE_COMPILATION_CONDITIONS = DEBUG;
				SWIFT_OPTIMIZATION_LEVEL = "-Onone";
			};
			name = Debug;
		};
		B68ABB37212C08D1001D9125 /* Release */ = {
			isa = XCBuildConfiguration;
			buildSettings = {
				ALWAYS_SEARCH_USER_PATHS = NO;
				CLANG_ANALYZER_NONNULL = YES;
				CLANG_ANALYZER_NUMBER_OBJECT_CONVERSION = YES_AGGRESSIVE;
				CLANG_CXX_LANGUAGE_STANDARD = "gnu++14";
				CLANG_CXX_LIBRARY = "libc++";
				CLANG_ENABLE_MODULES = YES;
				CLANG_ENABLE_OBJC_ARC = YES;
				CLANG_ENABLE_OBJC_WEAK = YES;
				CLANG_WARN_BLOCK_CAPTURE_AUTORELEASING = YES;
				CLANG_WARN_BOOL_CONVERSION = YES;
				CLANG_WARN_COMMA = YES;
				CLANG_WARN_CONSTANT_CONVERSION = YES;
				CLANG_WARN_DEPRECATED_OBJC_IMPLEMENTATIONS = YES;
				CLANG_WARN_DIRECT_OBJC_ISA_USAGE = YES_ERROR;
				CLANG_WARN_DOCUMENTATION_COMMENTS = YES;
				CLANG_WARN_EMPTY_BODY = YES;
				CLANG_WARN_ENUM_CONVERSION = YES;
				CLANG_WARN_INFINITE_RECURSION = YES;
				CLANG_WARN_INT_CONVERSION = YES;
				CLANG_WARN_NON_LITERAL_NULL_CONVERSION = YES;
				CLANG_WARN_OBJC_IMPLICIT_RETAIN_SELF = YES;
				CLANG_WARN_OBJC_LITERAL_CONVERSION = YES;
				CLANG_WARN_OBJC_ROOT_CLASS = YES_ERROR;
				CLANG_WARN_RANGE_LOOP_ANALYSIS = YES;
				CLANG_WARN_STRICT_PROTOTYPES = YES;
				CLANG_WARN_SUSPICIOUS_MOVE = YES;
				CLANG_WARN_UNGUARDED_AVAILABILITY = YES_AGGRESSIVE;
				CLANG_WARN_UNREACHABLE_CODE = YES;
				CLANG_WARN__DUPLICATE_METHOD_MATCH = YES;
				CODE_SIGN_IDENTITY = "iPhone Developer";
				COPY_PHASE_STRIP = NO;
				DEBUG_INFORMATION_FORMAT = "dwarf-with-dsym";
				ENABLE_NS_ASSERTIONS = NO;
				ENABLE_STRICT_OBJC_MSGSEND = YES;
				GCC_C_LANGUAGE_STANDARD = gnu11;
				GCC_NO_COMMON_BLOCKS = YES;
				GCC_WARN_64_TO_32_BIT_CONVERSION = YES;
				GCC_WARN_ABOUT_RETURN_TYPE = YES_ERROR;
				GCC_WARN_UNDECLARED_SELECTOR = YES;
				GCC_WARN_UNINITIALIZED_AUTOS = YES_AGGRESSIVE;
				GCC_WARN_UNUSED_FUNCTION = YES;
				GCC_WARN_UNUSED_VARIABLE = YES;
				IPHONEOS_DEPLOYMENT_TARGET = 11.4;
				MTL_ENABLE_DEBUG_INFO = NO;
				SDKROOT = iphoneos;
				SWIFT_COMPILATION_MODE = wholemodule;
				SWIFT_OPTIMIZATION_LEVEL = "-O";
				VALIDATE_PRODUCT = YES;
			};
			name = Release;
		};
		B68ABB39212C08D1001D9125 /* Debug */ = {
			isa = XCBuildConfiguration;
			baseConfigurationReference = 0E35677802F08651BB6ABF12 /* Pods-TransactionsSample.debug.xcconfig */;
			buildSettings = {
				ASSETCATALOG_COMPILER_APPICON_NAME = AppIcon;
				CODE_SIGN_STYLE = Automatic;
				INFOPLIST_FILE = TransactionsSample/Info.plist;
				LD_RUNPATH_SEARCH_PATHS = (
					"$(inherited)",
					"@executable_path/Frameworks",
				);
				PRODUCT_BUNDLE_IDENTIFIER = com.angistalis.transactions;
				PRODUCT_NAME = "$(TARGET_NAME)";
				SWIFT_VERSION = 4.0;
				TARGETED_DEVICE_FAMILY = 1;
			};
			name = Debug;
		};
		B68ABB3A212C08D1001D9125 /* Release */ = {
			isa = XCBuildConfiguration;
			baseConfigurationReference = 14A7276D2195F8A3385B9623 /* Pods-TransactionsSample.release.xcconfig */;
			buildSettings = {
				ASSETCATALOG_COMPILER_APPICON_NAME = AppIcon;
				CODE_SIGN_STYLE = Automatic;
				INFOPLIST_FILE = TransactionsSample/Info.plist;
				LD_RUNPATH_SEARCH_PATHS = (
					"$(inherited)",
					"@executable_path/Frameworks",
				);
				PRODUCT_BUNDLE_IDENTIFIER = com.angistalis.transactions;
				PRODUCT_NAME = "$(TARGET_NAME)";
				SWIFT_VERSION = 4.0;
				TARGETED_DEVICE_FAMILY = 1;
			};
			name = Release;
		};
		B68ABB3C212C08D1001D9125 /* Debug */ = {
			isa = XCBuildConfiguration;
			baseConfigurationReference = B56E335DC988D97750419B87 /* Pods-TransactionsSampleTests.debug.xcconfig */;
			buildSettings = {
				ALWAYS_EMBED_SWIFT_STANDARD_LIBRARIES = YES;
				BUNDLE_LOADER = "$(TEST_HOST)";
				CODE_SIGN_STYLE = Automatic;
				INFOPLIST_FILE = TransactionsSampleTests/Info.plist;
				LD_RUNPATH_SEARCH_PATHS = (
					"$(inherited)",
					"@executable_path/Frameworks",
					"@loader_path/Frameworks",
				);
				PRODUCT_BUNDLE_IDENTIFIER = com.angistalis.TransactionsSampleTests;
				PRODUCT_NAME = "$(TARGET_NAME)";
				SWIFT_VERSION = 4.0;
				TARGETED_DEVICE_FAMILY = "1,2";
				TEST_HOST = "$(BUILT_PRODUCTS_DIR)/TransactionsSample.app/TransactionsSample";
			};
			name = Debug;
		};
		B68ABB3D212C08D1001D9125 /* Release */ = {
			isa = XCBuildConfiguration;
			baseConfigurationReference = 159959FEA940BC0DD9FCF4C6 /* Pods-TransactionsSampleTests.release.xcconfig */;
			buildSettings = {
				ALWAYS_EMBED_SWIFT_STANDARD_LIBRARIES = YES;
				BUNDLE_LOADER = "$(TEST_HOST)";
				CODE_SIGN_STYLE = Automatic;
				INFOPLIST_FILE = TransactionsSampleTests/Info.plist;
				LD_RUNPATH_SEARCH_PATHS = (
					"$(inherited)",
					"@executable_path/Frameworks",
					"@loader_path/Frameworks",
				);
				PRODUCT_BUNDLE_IDENTIFIER = com.angistalis.TransactionsSampleTests;
				PRODUCT_NAME = "$(TARGET_NAME)";
				SWIFT_VERSION = 4.0;
				TARGETED_DEVICE_FAMILY = "1,2";
				TEST_HOST = "$(BUILT_PRODUCTS_DIR)/TransactionsSample.app/TransactionsSample";
			};
			name = Release;
		};
		B68ABB3F212C08D1001D9125 /* Debug */ = {
			isa = XCBuildConfiguration;
			baseConfigurationReference = 6B1E8B69132B88A945F31CCB /* Pods-TransactionsSampleUITests.debug.xcconfig */;
			buildSettings = {
				ALWAYS_EMBED_SWIFT_STANDARD_LIBRARIES = YES;
				CODE_SIGN_STYLE = Automatic;
				INFOPLIST_FILE = TransactionsSampleUITests/Info.plist;
				LD_RUNPATH_SEARCH_PATHS = (
					"$(inherited)",
					"@executable_path/Frameworks",
					"@loader_path/Frameworks",
				);
				PRODUCT_BUNDLE_IDENTIFIER = com.angistalis.TransactionsSampleUITests;
				PRODUCT_NAME = "$(TARGET_NAME)";
				SWIFT_VERSION = 4.0;
				TARGETED_DEVICE_FAMILY = "1,2";
				TEST_TARGET_NAME = TransactionsSample;
			};
			name = Debug;
		};
		B68ABB40212C08D1001D9125 /* Release */ = {
			isa = XCBuildConfiguration;
			baseConfigurationReference = D879F2A2A100B13F3863BCEB /* Pods-TransactionsSampleUITests.release.xcconfig */;
			buildSettings = {
				ALWAYS_EMBED_SWIFT_STANDARD_LIBRARIES = YES;
				CODE_SIGN_STYLE = Automatic;
				INFOPLIST_FILE = TransactionsSampleUITests/Info.plist;
				LD_RUNPATH_SEARCH_PATHS = (
					"$(inherited)",
					"@executable_path/Frameworks",
					"@loader_path/Frameworks",
				);
				PRODUCT_BUNDLE_IDENTIFIER = com.angistalis.TransactionsSampleUITests;
				PRODUCT_NAME = "$(TARGET_NAME)";
				SWIFT_VERSION = 4.0;
				TARGETED_DEVICE_FAMILY = "1,2";
				TEST_TARGET_NAME = TransactionsSample;
			};
			name = Release;
		};
/* End XCBuildConfiguration section */

/* Begin XCConfigurationList section */
		B68ABB0B212C08D0001D9125 /* Build configuration list for PBXProject "TransactionsSample" */ = {
			isa = XCConfigurationList;
			buildConfigurations = (
				B68ABB36212C08D1001D9125 /* Debug */,
				B68ABB37212C08D1001D9125 /* Release */,
			);
			defaultConfigurationIsVisible = 0;
			defaultConfigurationName = Release;
		};
		B68ABB38212C08D1001D9125 /* Build configuration list for PBXNativeTarget "TransactionsSample" */ = {
			isa = XCConfigurationList;
			buildConfigurations = (
				B68ABB39212C08D1001D9125 /* Debug */,
				B68ABB3A212C08D1001D9125 /* Release */,
			);
			defaultConfigurationIsVisible = 0;
			defaultConfigurationName = Release;
		};
		B68ABB3B212C08D1001D9125 /* Build configuration list for PBXNativeTarget "TransactionsSampleTests" */ = {
			isa = XCConfigurationList;
			buildConfigurations = (
				B68ABB3C212C08D1001D9125 /* Debug */,
				B68ABB3D212C08D1001D9125 /* Release */,
			);
			defaultConfigurationIsVisible = 0;
			defaultConfigurationName = Release;
		};
		B68ABB3E212C08D1001D9125 /* Build configuration list for PBXNativeTarget "TransactionsSampleUITests" */ = {
			isa = XCConfigurationList;
			buildConfigurations = (
				B68ABB3F212C08D1001D9125 /* Debug */,
				B68ABB40212C08D1001D9125 /* Release */,
			);
			defaultConfigurationIsVisible = 0;
			defaultConfigurationName = Release;
		};
/* End XCConfigurationList section */
	};
	rootObject = B68ABB08212C08D0001D9125 /* Project object */;
}
